// !$*UTF8*$!
{
	archiveVersion = 1;
	classes = {
	};
	objectVersion = 50;
	objects = {

/* Begin PBXBuildFile section */
		1B23FA4425D49F1F00945E1F /* AppDelegate.swift in Sources */ = {isa = PBXBuildFile; fileRef = 1B23FA4325D49F1F00945E1F /* AppDelegate.swift */; };
		1B23FA4625D49F1F00945E1F /* SceneDelegate.swift in Sources */ = {isa = PBXBuildFile; fileRef = 1B23FA4525D49F1F00945E1F /* SceneDelegate.swift */; };
		1B23FA4D25D49F1F00945E1F /* Assets.xcassets in Resources */ = {isa = PBXBuildFile; fileRef = 1B23FA4C25D49F1F00945E1F /* Assets.xcassets */; };
		1B23FA5025D49F1F00945E1F /* LaunchScreen.storyboard in Resources */ = {isa = PBXBuildFile; fileRef = 1B23FA4E25D49F1F00945E1F /* LaunchScreen.storyboard */; };
		1B23FA8725D4A1E300945E1F /* ImageListPresenter.swift in Sources */ = {isa = PBXBuildFile; fileRef = 1B23FA8125D4A1E300945E1F /* ImageListPresenter.swift */; };
		1B23FA8825D4A1E300945E1F /* ImageListWorker.swift in Sources */ = {isa = PBXBuildFile; fileRef = 1B23FA8225D4A1E300945E1F /* ImageListWorker.swift */; };
		1B23FA8925D4A1E300945E1F /* ImageListRouter.swift in Sources */ = {isa = PBXBuildFile; fileRef = 1B23FA8325D4A1E300945E1F /* ImageListRouter.swift */; };
		1B23FA8A25D4A1E300945E1F /* ImageListModels.swift in Sources */ = {isa = PBXBuildFile; fileRef = 1B23FA8425D4A1E300945E1F /* ImageListModels.swift */; };
		1B23FA8B25D4A1E300945E1F /* ImageListViewController.swift in Sources */ = {isa = PBXBuildFile; fileRef = 1B23FA8525D4A1E300945E1F /* ImageListViewController.swift */; };
		1B23FA8C25D4A1E300945E1F /* ImageListInteractor.swift in Sources */ = {isa = PBXBuildFile; fileRef = 1B23FA8625D4A1E300945E1F /* ImageListInteractor.swift */; };
		1B23FA9425D4A20D00945E1F /* ShowImagePresenter.swift in Sources */ = {isa = PBXBuildFile; fileRef = 1B23FA8E25D4A20D00945E1F /* ShowImagePresenter.swift */; };
		1B23FA9525D4A20D00945E1F /* ShowImageWorker.swift in Sources */ = {isa = PBXBuildFile; fileRef = 1B23FA8F25D4A20D00945E1F /* ShowImageWorker.swift */; };
		1B23FA9625D4A20D00945E1F /* ShowImageRouter.swift in Sources */ = {isa = PBXBuildFile; fileRef = 1B23FA9025D4A20D00945E1F /* ShowImageRouter.swift */; };
		1B23FA9725D4A20D00945E1F /* ShowImageModels.swift in Sources */ = {isa = PBXBuildFile; fileRef = 1B23FA9125D4A20D00945E1F /* ShowImageModels.swift */; };
		1B23FA9825D4A20D00945E1F /* ShowImageViewController.swift in Sources */ = {isa = PBXBuildFile; fileRef = 1B23FA9225D4A20D00945E1F /* ShowImageViewController.swift */; };
		1B23FA9925D4A20D00945E1F /* ShowImageInteractor.swift in Sources */ = {isa = PBXBuildFile; fileRef = 1B23FA9325D4A20D00945E1F /* ShowImageInteractor.swift */; };
/* End PBXBuildFile section */

/* Begin PBXFileReference section */
		1B23FA4025D49F1F00945E1F /* Rentateam.app */ = {isa = PBXFileReference; explicitFileType = wrapper.application; includeInIndex = 0; path = Rentateam.app; sourceTree = BUILT_PRODUCTS_DIR; };
		1B23FA4325D49F1F00945E1F /* AppDelegate.swift */ = {isa = PBXFileReference; lastKnownFileType = sourcecode.swift; path = AppDelegate.swift; sourceTree = "<group>"; };
		1B23FA4525D49F1F00945E1F /* SceneDelegate.swift */ = {isa = PBXFileReference; lastKnownFileType = sourcecode.swift; path = SceneDelegate.swift; sourceTree = "<group>"; };
		1B23FA4C25D49F1F00945E1F /* Assets.xcassets */ = {isa = PBXFileReference; lastKnownFileType = folder.assetcatalog; path = Assets.xcassets; sourceTree = "<group>"; };
		1B23FA4F25D49F1F00945E1F /* Base */ = {isa = PBXFileReference; lastKnownFileType = file.storyboard; name = Base; path = Base.lproj/LaunchScreen.storyboard; sourceTree = "<group>"; };
		1B23FA5125D49F1F00945E1F /* Info.plist */ = {isa = PBXFileReference; lastKnownFileType = text.plist.xml; path = Info.plist; sourceTree = "<group>"; };
		1B23FA8125D4A1E300945E1F /* ImageListPresenter.swift */ = {isa = PBXFileReference; lastKnownFileType = sourcecode.swift; path = ImageListPresenter.swift; sourceTree = "<group>"; };
		1B23FA8225D4A1E300945E1F /* ImageListWorker.swift */ = {isa = PBXFileReference; lastKnownFileType = sourcecode.swift; path = ImageListWorker.swift; sourceTree = "<group>"; };
		1B23FA8325D4A1E300945E1F /* ImageListRouter.swift */ = {isa = PBXFileReference; lastKnownFileType = sourcecode.swift; path = ImageListRouter.swift; sourceTree = "<group>"; };
		1B23FA8425D4A1E300945E1F /* ImageListModels.swift */ = {isa = PBXFileReference; lastKnownFileType = sourcecode.swift; path = ImageListModels.swift; sourceTree = "<group>"; };
		1B23FA8525D4A1E300945E1F /* ImageListViewController.swift */ = {isa = PBXFileReference; lastKnownFileType = sourcecode.swift; path = ImageListViewController.swift; sourceTree = "<group>"; };
		1B23FA8625D4A1E300945E1F /* ImageListInteractor.swift */ = {isa = PBXFileReference; lastKnownFileType = sourcecode.swift; path = ImageListInteractor.swift; sourceTree = "<group>"; };
		1B23FA8E25D4A20D00945E1F /* ShowImagePresenter.swift */ = {isa = PBXFileReference; lastKnownFileType = sourcecode.swift; path = ShowImagePresenter.swift; sourceTree = "<group>"; };
		1B23FA8F25D4A20D00945E1F /* ShowImageWorker.swift */ = {isa = PBXFileReference; lastKnownFileType = sourcecode.swift; path = ShowImageWorker.swift; sourceTree = "<group>"; };
		1B23FA9025D4A20D00945E1F /* ShowImageRouter.swift */ = {isa = PBXFileReference; lastKnownFileType = sourcecode.swift; path = ShowImageRouter.swift; sourceTree = "<group>"; };
		1B23FA9125D4A20D00945E1F /* ShowImageModels.swift */ = {isa = PBXFileReference; lastKnownFileType = sourcecode.swift; path = ShowImageModels.swift; sourceTree = "<group>"; };
		1B23FA9225D4A20D00945E1F /* ShowImageViewController.swift */ = {isa = PBXFileReference; lastKnownFileType = sourcecode.swift; path = ShowImageViewController.swift; sourceTree = "<group>"; };
		1B23FA9325D4A20D00945E1F /* ShowImageInteractor.swift */ = {isa = PBXFileReference; lastKnownFileType = sourcecode.swift; path = ShowImageInteractor.swift; sourceTree = "<group>"; };
/* End PBXFileReference section */

/* Begin PBXFrameworksBuildPhase section */
		1B23FA3D25D49F1F00945E1F /* Frameworks */ = {
			isa = PBXFrameworksBuildPhase;
			buildActionMask = 2147483647;
			files = (
			);
			runOnlyForDeploymentPostprocessing = 0;
		};
/* End PBXFrameworksBuildPhase section */

/* Begin PBXGroup section */
		1B23FA3725D49F1F00945E1F = {
			isa = PBXGroup;
			children = (
				1B23FA4225D49F1F00945E1F /* Rentateam */,
				1B23FA4125D49F1F00945E1F /* Products */,
			);
			sourceTree = "<group>";
		};
		1B23FA4125D49F1F00945E1F /* Products */ = {
			isa = PBXGroup;
			children = (
				1B23FA4025D49F1F00945E1F /* Rentateam.app */,
			);
			name = Products;
			sourceTree = "<group>";
		};
		1B23FA4225D49F1F00945E1F /* Rentateam */ = {
			isa = PBXGroup;
			children = (
				1B23FA5A25D49FFE00945E1F /* Screens */,
				1B23FA5B25D4A00800945E1F /* Models */,
				1B23FA5C25D4A01400945E1F /* Services */,
				1B23FA5D25D4A02B00945E1F /* Storyboard */,
				1B23FA5E25D4A03700945E1F /* Supporting Files */,
				1B23FA5F25D4A04400945E1F /* Resources */,
			);
			path = Rentateam;
			sourceTree = "<group>";
		};
		1B23FA5A25D49FFE00945E1F /* Screens */ = {
			isa = PBXGroup;
			children = (
				1B23FA6125D4A0D300945E1F /* ImageList */,
				1B23FA6225D4A0EB00945E1F /* ShowImage */,
			);
			path = Screens;
			sourceTree = "<group>";
		};
		1B23FA5B25D4A00800945E1F /* Models */ = {
			isa = PBXGroup;
			children = (
			);
			path = Models;
			sourceTree = "<group>";
		};
		1B23FA5C25D4A01400945E1F /* Services */ = {
			isa = PBXGroup;
			children = (
			);
			path = Services;
			sourceTree = "<group>";
		};
		1B23FA5D25D4A02B00945E1F /* Storyboard */ = {
			isa = PBXGroup;
			children = (
				1B23FA4E25D49F1F00945E1F /* LaunchScreen.storyboard */,
			);
			path = Storyboard;
			sourceTree = "<group>";
		};
		1B23FA5E25D4A03700945E1F /* Supporting Files */ = {
			isa = PBXGroup;
			children = (
				1B23FA4325D49F1F00945E1F /* AppDelegate.swift */,
				1B23FA4525D49F1F00945E1F /* SceneDelegate.swift */,
				1B23FA5125D49F1F00945E1F /* Info.plist */,
			);
			path = "Supporting Files";
			sourceTree = "<group>";
		};
		1B23FA5F25D4A04400945E1F /* Resources */ = {
			isa = PBXGroup;
			children = (
				1B23FA4C25D49F1F00945E1F /* Assets.xcassets */,
			);
			path = Resources;
			sourceTree = "<group>";
		};
		1B23FA6125D4A0D300945E1F /* ImageList */ = {
			isa = PBXGroup;
			children = (
				1B23FA8525D4A1E300945E1F /* ImageListViewController.swift */,
				1B23FA8625D4A1E300945E1F /* ImageListInteractor.swift */,
				1B23FA8125D4A1E300945E1F /* ImageListPresenter.swift */,
				1B23FA8425D4A1E300945E1F /* ImageListModels.swift */,
				1B23FA8325D4A1E300945E1F /* ImageListRouter.swift */,
				1B23FA8225D4A1E300945E1F /* ImageListWorker.swift */,
			);
			path = ImageList;
			sourceTree = "<group>";
		};
		1B23FA6225D4A0EB00945E1F /* ShowImage */ = {
			isa = PBXGroup;
			children = (
				1B23FA9225D4A20D00945E1F /* ShowImageViewController.swift */,
				1B23FA9325D4A20D00945E1F /* ShowImageInteractor.swift */,
				1B23FA8E25D4A20D00945E1F /* ShowImagePresenter.swift */,
				1B23FA9125D4A20D00945E1F /* ShowImageModels.swift */,
				1B23FA9025D4A20D00945E1F /* ShowImageRouter.swift */,
				1B23FA8F25D4A20D00945E1F /* ShowImageWorker.swift */,
			);
			path = ShowImage;
			sourceTree = "<group>";
		};
/* End PBXGroup section */

/* Begin PBXNativeTarget section */
		1B23FA3F25D49F1F00945E1F /* Rentateam */ = {
			isa = PBXNativeTarget;
			buildConfigurationList = 1B23FA5425D49F1F00945E1F /* Build configuration list for PBXNativeTarget "Rentateam" */;
			buildPhases = (
				1B23FA3C25D49F1F00945E1F /* Sources */,
				1B23FA3D25D49F1F00945E1F /* Frameworks */,
				1B23FA3E25D49F1F00945E1F /* Resources */,
			);
			buildRules = (
			);
			dependencies = (
			);
			name = Rentateam;
			productName = Rentateam;
			productReference = 1B23FA4025D49F1F00945E1F /* Rentateam.app */;
			productType = "com.apple.product-type.application";
		};
/* End PBXNativeTarget section */

/* Begin PBXProject section */
		1B23FA3825D49F1F00945E1F /* Project object */ = {
			isa = PBXProject;
			attributes = {
				LastSwiftUpdateCheck = 1240;
				LastUpgradeCheck = 1240;
				ORGANIZATIONNAME = SosinVitalii.com;
				TargetAttributes = {
					1B23FA3F25D49F1F00945E1F = {
						CreatedOnToolsVersion = 12.4;
					};
				};
			};
			buildConfigurationList = 1B23FA3B25D49F1F00945E1F /* Build configuration list for PBXProject "Rentateam" */;
			compatibilityVersion = "Xcode 9.3";
			developmentRegion = en;
			hasScannedForEncodings = 0;
			knownRegions = (
				en,
				Base,
			);
			mainGroup = 1B23FA3725D49F1F00945E1F;
			productRefGroup = 1B23FA4125D49F1F00945E1F /* Products */;
			projectDirPath = "";
			projectRoot = "";
			targets = (
				1B23FA3F25D49F1F00945E1F /* Rentateam */,
			);
		};
/* End PBXProject section */

/* Begin PBXResourcesBuildPhase section */
		1B23FA3E25D49F1F00945E1F /* Resources */ = {
			isa = PBXResourcesBuildPhase;
			buildActionMask = 2147483647;
			files = (
				1B23FA5025D49F1F00945E1F /* LaunchScreen.storyboard in Resources */,
				1B23FA4D25D49F1F00945E1F /* Assets.xcassets in Resources */,
			);
			runOnlyForDeploymentPostprocessing = 0;
		};
/* End PBXResourcesBuildPhase section */

/* Begin PBXSourcesBuildPhase section */
		1B23FA3C25D49F1F00945E1F /* Sources */ = {
			isa = PBXSourcesBuildPhase;
			buildActionMask = 2147483647;
			files = (
				1B23FA9425D4A20D00945E1F /* ShowImagePresenter.swift in Sources */,
				1B23FA4425D49F1F00945E1F /* AppDelegate.swift in Sources */,
				1B23FA8825D4A1E300945E1F /* ImageListWorker.swift in Sources */,
				1B23FA8725D4A1E300945E1F /* ImageListPresenter.swift in Sources */,
				1B23FA9825D4A20D00945E1F /* ShowImageViewController.swift in Sources */,
				1B23FA9625D4A20D00945E1F /* ShowImageRouter.swift in Sources */,
				1B23FA9525D4A20D00945E1F /* ShowImageWorker.swift in Sources */,
				1B23FA9725D4A20D00945E1F /* ShowImageModels.swift in Sources */,
				1B23FA8C25D4A1E300945E1F /* ImageListInteractor.swift in Sources */,
				1B23FA8925D4A1E300945E1F /* ImageListRouter.swift in Sources */,
				1B23FA4625D49F1F00945E1F /* SceneDelegate.swift in Sources */,
				1B23FA9925D4A20D00945E1F /* ShowImageInteractor.swift in Sources */,
				1B23FA8B25D4A1E300945E1F /* ImageListViewController.swift in Sources */,
				1B23FA8A25D4A1E300945E1F /* ImageListModels.swift in Sources */,
			);
			runOnlyForDeploymentPostprocessing = 0;
		};
/* End PBXSourcesBuildPhase section */

/* Begin PBXVariantGroup section */
		1B23FA4E25D49F1F00945E1F /* LaunchScreen.storyboard */ = {
			isa = PBXVariantGroup;
			children = (
				1B23FA4F25D49F1F00945E1F /* Base */,
			);
			name = LaunchScreen.storyboard;
			sourceTree = "<group>";
		};
/* End PBXVariantGroup section */

/* Begin XCBuildConfiguration section */
		1B23FA5225D49F1F00945E1F /* Debug */ = {
			isa = XCBuildConfiguration;
			buildSettings = {
				ALWAYS_SEARCH_USER_PATHS = NO;
				CLANG_ANALYZER_NONNULL = YES;
				CLANG_ANALYZER_NUMBER_OBJECT_CONVERSION = YES_AGGRESSIVE;
				CLANG_CXX_LANGUAGE_STANDARD = "gnu++14";
				CLANG_CXX_LIBRARY = "libc++";
				CLANG_ENABLE_MODULES = YES;
				CLANG_ENABLE_OBJC_ARC = YES;
				CLANG_ENABLE_OBJC_WEAK = YES;
				CLANG_WARN_BLOCK_CAPTURE_AUTORELEASING = YES;
				CLANG_WARN_BOOL_CONVERSION = YES;
				CLANG_WARN_COMMA = YES;
				CLANG_WARN_CONSTANT_CONVERSION = YES;
				CLANG_WARN_DEPRECATED_OBJC_IMPLEMENTATIONS = YES;
				CLANG_WARN_DIRECT_OBJC_ISA_USAGE = YES_ERROR;
				CLANG_WARN_DOCUMENTATION_COMMENTS = YES;
				CLANG_WARN_EMPTY_BODY = YES;
				CLANG_WARN_ENUM_CONVERSION = YES;
				CLANG_WARN_INFINITE_RECURSION = YES;
				CLANG_WARN_INT_CONVERSION = YES;
				CLANG_WARN_NON_LITERAL_NULL_CONVERSION = YES;
				CLANG_WARN_OBJC_IMPLICIT_RETAIN_SELF = YES;
				CLANG_WARN_OBJC_LITERAL_CONVERSION = YES;
				CLANG_WARN_OBJC_ROOT_CLASS = YES_ERROR;
				CLANG_WARN_QUOTED_INCLUDE_IN_FRAMEWORK_HEADER = YES;
				CLANG_WARN_RANGE_LOOP_ANALYSIS = YES;
				CLANG_WARN_STRICT_PROTOTYPES = YES;
				CLANG_WARN_SUSPICIOUS_MOVE = YES;
				CLANG_WARN_UNGUARDED_AVAILABILITY = YES_AGGRESSIVE;
				CLANG_WARN_UNREACHABLE_CODE = YES;
				CLANG_WARN__DUPLICATE_METHOD_MATCH = YES;
				COPY_PHASE_STRIP = NO;
				DEBUG_INFORMATION_FORMAT = dwarf;
				ENABLE_STRICT_OBJC_MSGSEND = YES;
				ENABLE_TESTABILITY = YES;
				GCC_C_LANGUAGE_STANDARD = gnu11;
				GCC_DYNAMIC_NO_PIC = NO;
				GCC_NO_COMMON_BLOCKS = YES;
				GCC_OPTIMIZATION_LEVEL = 0;
				GCC_PREPROCESSOR_DEFINITIONS = (
					"DEBUG=1",
					"$(inherited)",
				);
				GCC_WARN_64_TO_32_BIT_CONVERSION = YES;
				GCC_WARN_ABOUT_RETURN_TYPE = YES_ERROR;
				GCC_WARN_UNDECLARED_SELECTOR = YES;
				GCC_WARN_UNINITIALIZED_AUTOS = YES_AGGRESSIVE;
				GCC_WARN_UNUSED_FUNCTION = YES;
				GCC_WARN_UNUSED_VARIABLE = YES;
				IPHONEOS_DEPLOYMENT_TARGET = 13.0;
				MTL_ENABLE_DEBUG_INFO = INCLUDE_SOURCE;
				MTL_FAST_MATH = YES;
				ONLY_ACTIVE_ARCH = YES;
				SDKROOT = iphoneos;
				SWIFT_ACTIVE_COMPILATION_CONDITIONS = DEBUG;
				SWIFT_OPTIMIZATION_LEVEL = "-Onone";
			};
			name = Debug;
		};
		1B23FA5325D49F1F00945E1F /* Release */ = {
			isa = XCBuildConfiguration;
			buildSettings = {
				ALWAYS_SEARCH_USER_PATHS = NO;
				CLANG_ANALYZER_NONNULL = YES;
				CLANG_ANALYZER_NUMBER_OBJECT_CONVERSION = YES_AGGRESSIVE;
				CLANG_CXX_LANGUAGE_STANDARD = "gnu++14";
				CLANG_CXX_LIBRARY = "libc++";
				CLANG_ENABLE_MODULES = YES;
				CLANG_ENABLE_OBJC_ARC = YES;
				CLANG_ENABLE_OBJC_WEAK = YES;
				CLANG_WARN_BLOCK_CAPTURE_AUTORELEASING = YES;
				CLANG_WARN_BOOL_CONVERSION = YES;
				CLANG_WARN_COMMA = YES;
				CLANG_WARN_CONSTANT_CONVERSION = YES;
				CLANG_WARN_DEPRECATED_OBJC_IMPLEMENTATIONS = YES;
				CLANG_WARN_DIRECT_OBJC_ISA_USAGE = YES_ERROR;
				CLANG_WARN_DOCUMENTATION_COMMENTS = YES;
				CLANG_WARN_EMPTY_BODY = YES;
				CLANG_WARN_ENUM_CONVERSION = YES;
				CLANG_WARN_INFINITE_RECURSION = YES;
				CLANG_WARN_INT_CONVERSION = YES;
				CLANG_WARN_NON_LITERAL_NULL_CONVERSION = YES;
				CLANG_WARN_OBJC_IMPLICIT_RETAIN_SELF = YES;
				CLANG_WARN_OBJC_LITERAL_CONVERSION = YES;
				CLANG_WARN_OBJC_ROOT_CLASS = YES_ERROR;
				CLANG_WARN_QUOTED_INCLUDE_IN_FRAMEWORK_HEADER = YES;
				CLANG_WARN_RANGE_LOOP_ANALYSIS = YES;
				CLANG_WARN_STRICT_PROTOTYPES = YES;
				CLANG_WARN_SUSPICIOUS_MOVE = YES;
				CLANG_WARN_UNGUARDED_AVAILABILITY = YES_AGGRESSIVE;
				CLANG_WARN_UNREACHABLE_CODE = YES;
				CLANG_WARN__DUPLICATE_METHOD_MATCH = YES;
				COPY_PHASE_STRIP = NO;
				DEBUG_INFORMATION_FORMAT = "dwarf-with-dsym";
				ENABLE_NS_ASSERTIONS = NO;
				ENABLE_STRICT_OBJC_MSGSEND = YES;
				GCC_C_LANGUAGE_STANDARD = gnu11;
				GCC_NO_COMMON_BLOCKS = YES;
				GCC_WARN_64_TO_32_BIT_CONVERSION = YES;
				GCC_WARN_ABOUT_RETURN_TYPE = YES_ERROR;
				GCC_WARN_UNDECLARED_SELECTOR = YES;
				GCC_WARN_UNINITIALIZED_AUTOS = YES_AGGRESSIVE;
				GCC_WARN_UNUSED_FUNCTION = YES;
				GCC_WARN_UNUSED_VARIABLE = YES;
				IPHONEOS_DEPLOYMENT_TARGET = 13.0;
				MTL_ENABLE_DEBUG_INFO = NO;
				MTL_FAST_MATH = YES;
				SDKROOT = iphoneos;
				SWIFT_COMPILATION_MODE = wholemodule;
				SWIFT_OPTIMIZATION_LEVEL = "-O";
				VALIDATE_PRODUCT = YES;
			};
			name = Release;
		};
		1B23FA5525D49F1F00945E1F /* Debug */ = {
			isa = XCBuildConfiguration;
			buildSettings = {
				ASSETCATALOG_COMPILER_APPICON_NAME = AppIcon;
				ASSETCATALOG_COMPILER_GLOBAL_ACCENT_COLOR_NAME = AccentColor;
				CODE_SIGN_STYLE = Automatic;
				DEVELOPMENT_TEAM = 34VDSPZYU9;
				INFOPLIST_FILE = "$(SRCROOT)/Rentateam/Supporting Files/Info.plist";
				IPHONEOS_DEPLOYMENT_TARGET = 13.0;
				LD_RUNPATH_SEARCH_PATHS = (
					"$(inherited)",
					"@executable_path/Frameworks",
				);
				PRODUCT_BUNDLE_IDENTIFIER = com.sosinvitalii.Rentateam;
				PRODUCT_NAME = "$(TARGET_NAME)";
				SWIFT_VERSION = 5.0;
				TARGETED_DEVICE_FAMILY = 1;
			};
			name = Debug;
		};
		1B23FA5625D49F1F00945E1F /* Release */ = {
			isa = XCBuildConfiguration;
			buildSettings = {
				ASSETCATALOG_COMPILER_APPICON_NAME = AppIcon;
				ASSETCATALOG_COMPILER_GLOBAL_ACCENT_COLOR_NAME = AccentColor;
				CODE_SIGN_STYLE = Automatic;
				DEVELOPMENT_TEAM = 34VDSPZYU9;
				INFOPLIST_FILE = "$(SRCROOT)/Rentateam/Supporting Files/Info.plist";
				IPHONEOS_DEPLOYMENT_TARGET = 13.0;
				LD_RUNPATH_SEARCH_PATHS = (
					"$(inherited)",
					"@executable_path/Frameworks",
				);
				PRODUCT_BUNDLE_IDENTIFIER = com.sosinvitalii.Rentateam;
				PRODUCT_NAME = "$(TARGET_NAME)";
				SWIFT_VERSION = 5.0;
				TARGETED_DEVICE_FAMILY = 1;
			};
			name = Release;
		};
/* End XCBuildConfiguration section */

/* Begin XCConfigurationList section */
		1B23FA3B25D49F1F00945E1F /* Build configuration list for PBXProject "Rentateam" */ = {
			isa = XCConfigurationList;
			buildConfigurations = (
				1B23FA5225D49F1F00945E1F /* Debug */,
				1B23FA5325D49F1F00945E1F /* Release */,
			);
			defaultConfigurationIsVisible = 0;
			defaultConfigurationName = Release;
		};
		1B23FA5425D49F1F00945E1F /* Build configuration list for PBXNativeTarget "Rentateam" */ = {
			isa = XCConfigurationList;
			buildConfigurations = (
				1B23FA5525D49F1F00945E1F /* Debug */,
				1B23FA5625D49F1F00945E1F /* Release */,
			);
			defaultConfigurationIsVisible = 0;
			defaultConfigurationName = Release;
		};
/* End XCConfigurationList section */
	};
	rootObject = 1B23FA3825D49F1F00945E1F /* Project object */;
}
