// !$*UTF8*$!
{
	archiveVersion = 1;
	classes = {
	};
	objectVersion = 51;
	objects = {

/* Begin PBXBuildFile section */
		1B23FA4425D49F1F00945E1F /* AppDelegate.swift in Sources */ = {isa = PBXBuildFile; fileRef = 1B23FA4325D49F1F00945E1F /* AppDelegate.swift */; };
		1B23FA4625D49F1F00945E1F /* SceneDelegate.swift in Sources */ = {isa = PBXBuildFile; fileRef = 1B23FA4525D49F1F00945E1F /* SceneDelegate.swift */; };
		1B23FA4D25D49F1F00945E1F /* Assets.xcassets in Resources */ = {isa = PBXBuildFile; fileRef = 1B23FA4C25D49F1F00945E1F /* Assets.xcassets */; };
		1B23FA5025D49F1F00945E1F /* LaunchScreen.storyboard in Resources */ = {isa = PBXBuildFile; fileRef = 1B23FA4E25D49F1F00945E1F /* LaunchScreen.storyboard */; };
		1B23FAB725D4A96500945E1F /* Pixabay.swift in Sources */ = {isa = PBXBuildFile; fileRef = 1B23FAB625D4A96500945E1F /* Pixabay.swift */; };
		1B23FAC225D4AB7C00945E1F /* DateFunctions.swift in Sources */ = {isa = PBXBuildFile; fileRef = 1B23FAC125D4AB7C00945E1F /* DateFunctions.swift */; };
		1B23FAE025D4BB5900945E1F /* NetworkManager.swift in Sources */ = {isa = PBXBuildFile; fileRef = 1B23FADF25D4BB5900945E1F /* NetworkManager.swift */; };
		1B23FAE425D4BBCE00945E1F /* ImageManager.swift in Sources */ = {isa = PBXBuildFile; fileRef = 1B23FAE325D4BBCE00945E1F /* ImageManager.swift */; };
		1BF24D0E25D5D37E00F6B413 /* ShowImageRouter.swift in Sources */ = {isa = PBXBuildFile; fileRef = 1BF24D0825D5D37E00F6B413 /* ShowImageRouter.swift */; };
		1BF24D1025D5D37E00F6B413 /* ShowImageViewController.swift in Sources */ = {isa = PBXBuildFile; fileRef = 1BF24D0A25D5D37E00F6B413 /* ShowImageViewController.swift */; };
		1BF24D1125D5D37E00F6B413 /* ShowImageInteractor.swift in Sources */ = {isa = PBXBuildFile; fileRef = 1BF24D0B25D5D37E00F6B413 /* ShowImageInteractor.swift */; };
		1BF24D1525D5D3B300F6B413 /* ModuleBuilder.swift in Sources */ = {isa = PBXBuildFile; fileRef = 1BF24D1425D5D3B300F6B413 /* ModuleBuilder.swift */; };
		1BF24D1F25D5D41400F6B413 /* ImageListPresenter.swift in Sources */ = {isa = PBXBuildFile; fileRef = 1BF24D1925D5D41400F6B413 /* ImageListPresenter.swift */; };
		1BF24D2125D5D41400F6B413 /* ImageListRouter.swift in Sources */ = {isa = PBXBuildFile; fileRef = 1BF24D1B25D5D41400F6B413 /* ImageListRouter.swift */; };
		1BF24D2325D5D41400F6B413 /* ImageListViewController.swift in Sources */ = {isa = PBXBuildFile; fileRef = 1BF24D1D25D5D41400F6B413 /* ImageListViewController.swift */; };
		1BF24D2425D5D41400F6B413 /* ImageListInteractor.swift in Sources */ = {isa = PBXBuildFile; fileRef = 1BF24D1E25D5D41400F6B413 /* ImageListInteractor.swift */; };
		1BF24D2D25D5D66B00F6B413 /* ImageListTableView.swift in Sources */ = {isa = PBXBuildFile; fileRef = 1BF24D2C25D5D66B00F6B413 /* ImageListTableView.swift */; };
		1BF24D3225D5D8FA00F6B413 /* ImageListCellView.swift in Sources */ = {isa = PBXBuildFile; fileRef = 1BF24D3125D5D8FA00F6B413 /* ImageListCellView.swift */; };
		1BF24D3825D5DB7300F6B413 /* ImageListViewModel.swift in Sources */ = {isa = PBXBuildFile; fileRef = 1BF24D3725D5DB7300F6B413 /* ImageListViewModel.swift */; };
		1BF24D4425D5E2F700F6B413 /* ShowImageView.swift in Sources */ = {isa = PBXBuildFile; fileRef = 1BF24D4325D5E2F700F6B413 /* ShowImageView.swift */; };
		B3FD4B76C55BB639C87104B2 /* Pods_Rentateam.framework in Frameworks */ = {isa = PBXBuildFile; fileRef = D1D8A87D9C7A161FD664C230 /* Pods_Rentateam.framework */; };
/* End PBXBuildFile section */

/* Begin PBXFileReference section */
		00B02FC4E93D14CB4F30EBD9 /* Pods-Rentateam.release.xcconfig */ = {isa = PBXFileReference; includeInIndex = 1; lastKnownFileType = text.xcconfig; name = "Pods-Rentateam.release.xcconfig"; path = "Target Support Files/Pods-Rentateam/Pods-Rentateam.release.xcconfig"; sourceTree = "<group>"; };
		1629699B57BAC5F9A4F0CAA7 /* Pods-Rentateam.debug.xcconfig */ = {isa = PBXFileReference; includeInIndex = 1; lastKnownFileType = text.xcconfig; name = "Pods-Rentateam.debug.xcconfig"; path = "Target Support Files/Pods-Rentateam/Pods-Rentateam.debug.xcconfig"; sourceTree = "<group>"; };
		1B23FA4025D49F1F00945E1F /* Rentateam.app */ = {isa = PBXFileReference; explicitFileType = wrapper.application; includeInIndex = 0; path = Rentateam.app; sourceTree = BUILT_PRODUCTS_DIR; };
		1B23FA4325D49F1F00945E1F /* AppDelegate.swift */ = {isa = PBXFileReference; lastKnownFileType = sourcecode.swift; path = AppDelegate.swift; sourceTree = "<group>"; };
		1B23FA4525D49F1F00945E1F /* SceneDelegate.swift */ = {isa = PBXFileReference; lastKnownFileType = sourcecode.swift; path = SceneDelegate.swift; sourceTree = "<group>"; };
		1B23FA4C25D49F1F00945E1F /* Assets.xcassets */ = {isa = PBXFileReference; lastKnownFileType = folder.assetcatalog; path = Assets.xcassets; sourceTree = "<group>"; };
		1B23FA4F25D49F1F00945E1F /* Base */ = {isa = PBXFileReference; lastKnownFileType = file.storyboard; name = Base; path = Base.lproj/LaunchScreen.storyboard; sourceTree = "<group>"; };
		1B23FA5125D49F1F00945E1F /* Info.plist */ = {isa = PBXFileReference; lastKnownFileType = text.plist.xml; path = Info.plist; sourceTree = "<group>"; };
		1B23FAB625D4A96500945E1F /* Pixabay.swift */ = {isa = PBXFileReference; lastKnownFileType = sourcecode.swift; path = Pixabay.swift; sourceTree = "<group>"; };
		1B23FAC125D4AB7C00945E1F /* DateFunctions.swift */ = {isa = PBXFileReference; lastKnownFileType = sourcecode.swift; path = DateFunctions.swift; sourceTree = "<group>"; };
		1B23FADF25D4BB5900945E1F /* NetworkManager.swift */ = {isa = PBXFileReference; lastKnownFileType = sourcecode.swift; path = NetworkManager.swift; sourceTree = "<group>"; };
		1B23FAE325D4BBCE00945E1F /* ImageManager.swift */ = {isa = PBXFileReference; lastKnownFileType = sourcecode.swift; path = ImageManager.swift; sourceTree = "<group>"; };
		1BF24D0825D5D37E00F6B413 /* ShowImageRouter.swift */ = {isa = PBXFileReference; lastKnownFileType = sourcecode.swift; path = ShowImageRouter.swift; sourceTree = "<group>"; };
		1BF24D0A25D5D37E00F6B413 /* ShowImageViewController.swift */ = {isa = PBXFileReference; lastKnownFileType = sourcecode.swift; path = ShowImageViewController.swift; sourceTree = "<group>"; };
		1BF24D0B25D5D37E00F6B413 /* ShowImageInteractor.swift */ = {isa = PBXFileReference; lastKnownFileType = sourcecode.swift; path = ShowImageInteractor.swift; sourceTree = "<group>"; };
		1BF24D1425D5D3B300F6B413 /* ModuleBuilder.swift */ = {isa = PBXFileReference; lastKnownFileType = sourcecode.swift; path = ModuleBuilder.swift; sourceTree = "<group>"; };
		1BF24D1925D5D41400F6B413 /* ImageListPresenter.swift */ = {isa = PBXFileReference; lastKnownFileType = sourcecode.swift; path = ImageListPresenter.swift; sourceTree = "<group>"; };
		1BF24D1B25D5D41400F6B413 /* ImageListRouter.swift */ = {isa = PBXFileReference; lastKnownFileType = sourcecode.swift; path = ImageListRouter.swift; sourceTree = "<group>"; };
		1BF24D1D25D5D41400F6B413 /* ImageListViewController.swift */ = {isa = PBXFileReference; lastKnownFileType = sourcecode.swift; path = ImageListViewController.swift; sourceTree = "<group>"; };
		1BF24D1E25D5D41400F6B413 /* ImageListInteractor.swift */ = {isa = PBXFileReference; lastKnownFileType = sourcecode.swift; path = ImageListInteractor.swift; sourceTree = "<group>"; };
		1BF24D2C25D5D66B00F6B413 /* ImageListTableView.swift */ = {isa = PBXFileReference; lastKnownFileType = sourcecode.swift; path = ImageListTableView.swift; sourceTree = "<group>"; };
		1BF24D3125D5D8FA00F6B413 /* ImageListCellView.swift */ = {isa = PBXFileReference; lastKnownFileType = sourcecode.swift; path = ImageListCellView.swift; sourceTree = "<group>"; };
		1BF24D3725D5DB7300F6B413 /* ImageListViewModel.swift */ = {isa = PBXFileReference; lastKnownFileType = sourcecode.swift; path = ImageListViewModel.swift; sourceTree = "<group>"; };
		1BF24D4325D5E2F700F6B413 /* ShowImageView.swift */ = {isa = PBXFileReference; lastKnownFileType = sourcecode.swift; path = ShowImageView.swift; sourceTree = "<group>"; };
		D1D8A87D9C7A161FD664C230 /* Pods_Rentateam.framework */ = {isa = PBXFileReference; explicitFileType = wrapper.framework; includeInIndex = 0; path = Pods_Rentateam.framework; sourceTree = BUILT_PRODUCTS_DIR; };
/* End PBXFileReference section */

/* Begin PBXFrameworksBuildPhase section */
		1B23FA3D25D49F1F00945E1F /* Frameworks */ = {
			isa = PBXFrameworksBuildPhase;
			buildActionMask = 2147483647;
			files = (
				B3FD4B76C55BB639C87104B2 /* Pods_Rentateam.framework in Frameworks */,
			);
			runOnlyForDeploymentPostprocessing = 0;
		};
/* End PBXFrameworksBuildPhase section */

/* Begin PBXGroup section */
		1B23FA3725D49F1F00945E1F = {
			isa = PBXGroup;
			children = (
				1B23FA4225D49F1F00945E1F /* Rentateam */,
				1B23FA4125D49F1F00945E1F /* Products */,
				44F23D14339514E0D7A5C432 /* Pods */,
				2426E8DCF1517AFC275CC95B /* Frameworks */,
			);
			sourceTree = "<group>";
		};
		1B23FA4125D49F1F00945E1F /* Products */ = {
			isa = PBXGroup;
			children = (
				1B23FA4025D49F1F00945E1F /* Rentateam.app */,
			);
			name = Products;
			sourceTree = "<group>";
		};
		1B23FA4225D49F1F00945E1F /* Rentateam */ = {
			isa = PBXGroup;
			children = (
				1B23FA5A25D49FFE00945E1F /* Screens */,
				1B23FA5B25D4A00800945E1F /* Models */,
				1B23FA5C25D4A01400945E1F /* Services */,
				1B23FA5D25D4A02B00945E1F /* Storyboard */,
				1B23FA5F25D4A04400945E1F /* Resources */,
				1BF24CF525D5747D00F6B413 /* System */,
			);
			path = Rentateam;
			sourceTree = "<group>";
		};
		1B23FA5A25D49FFE00945E1F /* Screens */ = {
			isa = PBXGroup;
			children = (
				1B23FA6125D4A0D300945E1F /* ImageList */,
				1B23FA6225D4A0EB00945E1F /* ShowImage */,
			);
			path = Screens;
			sourceTree = "<group>";
		};
		1B23FA5B25D4A00800945E1F /* Models */ = {
			isa = PBXGroup;
			children = (
				1B23FAB625D4A96500945E1F /* Pixabay.swift */,
				1BF24D3725D5DB7300F6B413 /* ImageListViewModel.swift */,
			);
			path = Models;
			sourceTree = "<group>";
		};
		1B23FA5C25D4A01400945E1F /* Services */ = {
			isa = PBXGroup;
			children = (
				1B23FAC125D4AB7C00945E1F /* DateFunctions.swift */,
				1B23FADF25D4BB5900945E1F /* NetworkManager.swift */,
				1B23FAE325D4BBCE00945E1F /* ImageManager.swift */,
			);
			path = Services;
			sourceTree = "<group>";
		};
		1B23FA5D25D4A02B00945E1F /* Storyboard */ = {
			isa = PBXGroup;
			children = (
				1B23FA4E25D49F1F00945E1F /* LaunchScreen.storyboard */,
			);
			path = Storyboard;
			sourceTree = "<group>";
		};
		1B23FA5F25D4A04400945E1F /* Resources */ = {
			isa = PBXGroup;
			children = (
				1B23FA4C25D49F1F00945E1F /* Assets.xcassets */,
			);
			path = Resources;
			sourceTree = "<group>";
		};
		1B23FA6125D4A0D300945E1F /* ImageList */ = {
			isa = PBXGroup;
			children = (
				1BF24D3025D5D8AF00F6B413 /* UI */,
				1BF24D1D25D5D41400F6B413 /* ImageListViewController.swift */,
				1BF24D1E25D5D41400F6B413 /* ImageListInteractor.swift */,
				1BF24D1925D5D41400F6B413 /* ImageListPresenter.swift */,
				1BF24D1B25D5D41400F6B413 /* ImageListRouter.swift */,
			);
			path = ImageList;
			sourceTree = "<group>";
		};
		1B23FA6225D4A0EB00945E1F /* ShowImage */ = {
			isa = PBXGroup;
			children = (
				1BF24D4225D5E2D500F6B413 /* UI */,
				1BF24D0A25D5D37E00F6B413 /* ShowImageViewController.swift */,
				1BF24D0B25D5D37E00F6B413 /* ShowImageInteractor.swift */,
				1BF24D0825D5D37E00F6B413 /* ShowImageRouter.swift */,
			);
			path = ShowImage;
			sourceTree = "<group>";
		};
		1BF24CF525D5747D00F6B413 /* System */ = {
			isa = PBXGroup;
			children = (
				1B23FA4325D49F1F00945E1F /* AppDelegate.swift */,
				1B23FA4525D49F1F00945E1F /* SceneDelegate.swift */,
				1BF24D1425D5D3B300F6B413 /* ModuleBuilder.swift */,
				1B23FA5125D49F1F00945E1F /* Info.plist */,
			);
			path = System;
			sourceTree = "<group>";
		};
		1BF24D3025D5D8AF00F6B413 /* UI */ = {
			isa = PBXGroup;
			children = (
				1BF24D2C25D5D66B00F6B413 /* ImageListTableView.swift */,
				1BF24D3125D5D8FA00F6B413 /* ImageListCellView.swift */,
			);
			path = UI;
			sourceTree = "<group>";
		};
		1BF24D4225D5E2D500F6B413 /* UI */ = {
			isa = PBXGroup;
			children = (
				1BF24D4325D5E2F700F6B413 /* ShowImageView.swift */,
			);
			path = UI;
			sourceTree = "<group>";
		};
		2426E8DCF1517AFC275CC95B /* Frameworks */ = {
			isa = PBXGroup;
			children = (
				D1D8A87D9C7A161FD664C230 /* Pods_Rentateam.framework */,
			);
			name = Frameworks;
			sourceTree = "<group>";
		};
		44F23D14339514E0D7A5C432 /* Pods */ = {
			isa = PBXGroup;
			children = (
				1629699B57BAC5F9A4F0CAA7 /* Pods-Rentateam.debug.xcconfig */,
				00B02FC4E93D14CB4F30EBD9 /* Pods-Rentateam.release.xcconfig */,
			);
			path = Pods;
			sourceTree = "<group>";
		};
/* End PBXGroup section */

/* Begin PBXNativeTarget section */
		1B23FA3F25D49F1F00945E1F /* Rentateam */ = {
			isa = PBXNativeTarget;
			buildConfigurationList = 1B23FA5425D49F1F00945E1F /* Build configuration list for PBXNativeTarget "Rentateam" */;
			buildPhases = (
				012DC039842E11EE4497AEB4 /* [CP] Check Pods Manifest.lock */,
				1B23FA3C25D49F1F00945E1F /* Sources */,
				1B23FA3D25D49F1F00945E1F /* Frameworks */,
				1B23FA3E25D49F1F00945E1F /* Resources */,
				961E6147D10984ED6BA949BA /* [CP] Embed Pods Frameworks */,
			);
			buildRules = (
			);
			dependencies = (
			);
			name = Rentateam;
			productName = Rentateam;
			productReference = 1B23FA4025D49F1F00945E1F /* Rentateam.app */;
			productType = "com.apple.product-type.application";
		};
/* End PBXNativeTarget section */

/* Begin PBXProject section */
		1B23FA3825D49F1F00945E1F /* Project object */ = {
			isa = PBXProject;
			attributes = {
				LastSwiftUpdateCheck = 1240;
				LastUpgradeCheck = 1240;
				ORGANIZATIONNAME = SosinVitalii.com;
				TargetAttributes = {
					1B23FA3F25D49F1F00945E1F = {
						CreatedOnToolsVersion = 12.4;
					};
				};
			};
			buildConfigurationList = 1B23FA3B25D49F1F00945E1F /* Build configuration list for PBXProject "Rentateam" */;
			compatibilityVersion = "Xcode 9.3";
			developmentRegion = en;
			hasScannedForEncodings = 0;
			knownRegions = (
				en,
				Base,
			);
			mainGroup = 1B23FA3725D49F1F00945E1F;
			productRefGroup = 1B23FA4125D49F1F00945E1F /* Products */;
			projectDirPath = "";
			projectRoot = "";
			targets = (
				1B23FA3F25D49F1F00945E1F /* Rentateam */,
			);
		};
/* End PBXProject section */

/* Begin PBXResourcesBuildPhase section */
		1B23FA3E25D49F1F00945E1F /* Resources */ = {
			isa = PBXResourcesBuildPhase;
			buildActionMask = 2147483647;
			files = (
				1B23FA5025D49F1F00945E1F /* LaunchScreen.storyboard in Resources */,
				1B23FA4D25D49F1F00945E1F /* Assets.xcassets in Resources */,
			);
			runOnlyForDeploymentPostprocessing = 0;
		};
/* End PBXResourcesBuildPhase section */

/* Begin PBXShellScriptBuildPhase section */
		012DC039842E11EE4497AEB4 /* [CP] Check Pods Manifest.lock */ = {
			isa = PBXShellScriptBuildPhase;
			buildActionMask = 2147483647;
			files = (
			);
			inputFileListPaths = (
			);
			inputPaths = (
				"${PODS_PODFILE_DIR_PATH}/Podfile.lock",
				"${PODS_ROOT}/Manifest.lock",
			);
			name = "[CP] Check Pods Manifest.lock";
			outputFileListPaths = (
			);
			outputPaths = (
				"$(DERIVED_FILE_DIR)/Pods-Rentateam-checkManifestLockResult.txt",
			);
			runOnlyForDeploymentPostprocessing = 0;
			shellPath = /bin/sh;
			shellScript = "diff \"${PODS_PODFILE_DIR_PATH}/Podfile.lock\" \"${PODS_ROOT}/Manifest.lock\" > /dev/null\nif [ $? != 0 ] ; then\n    # print error to STDERR\n    echo \"error: The sandbox is not in sync with the Podfile.lock. Run 'pod install' or update your CocoaPods installation.\" >&2\n    exit 1\nfi\n# This output is used by Xcode 'outputs' to avoid re-running this script phase.\necho \"SUCCESS\" > \"${SCRIPT_OUTPUT_FILE_0}\"\n";
			showEnvVarsInLog = 0;
		};
		961E6147D10984ED6BA949BA /* [CP] Embed Pods Frameworks */ = {
			isa = PBXShellScriptBuildPhase;
			buildActionMask = 2147483647;
			files = (
			);
			inputFileListPaths = (
				"${PODS_ROOT}/Target Support Files/Pods-Rentateam/Pods-Rentateam-frameworks-${CONFIGURATION}-input-files.xcfilelist",
			);
			name = "[CP] Embed Pods Frameworks";
			outputFileListPaths = (
				"${PODS_ROOT}/Target Support Files/Pods-Rentateam/Pods-Rentateam-frameworks-${CONFIGURATION}-output-files.xcfilelist",
			);
			runOnlyForDeploymentPostprocessing = 0;
			shellPath = /bin/sh;
			shellScript = "\"${PODS_ROOT}/Target Support Files/Pods-Rentateam/Pods-Rentateam-frameworks.sh\"\n";
			showEnvVarsInLog = 0;
		};
/* End PBXShellScriptBuildPhase section */

/* Begin PBXSourcesBuildPhase section */
		1B23FA3C25D49F1F00945E1F /* Sources */ = {
			isa = PBXSourcesBuildPhase;
			buildActionMask = 2147483647;
			files = (
				1BF24D2D25D5D66B00F6B413 /* ImageListTableView.swift in Sources */,
				1B23FA4425D49F1F00945E1F /* AppDelegate.swift in Sources */,
				1BF24D2425D5D41400F6B413 /* ImageListInteractor.swift in Sources */,
				1BF24D2325D5D41400F6B413 /* ImageListViewController.swift in Sources */,
				1BF24D0E25D5D37E00F6B413 /* ShowImageRouter.swift in Sources */,
				1B23FA4625D49F1F00945E1F /* SceneDelegate.swift in Sources */,
				1BF24D1F25D5D41400F6B413 /* ImageListPresenter.swift in Sources */,
				1B23FAE425D4BBCE00945E1F /* ImageManager.swift in Sources */,
				1B23FAC225D4AB7C00945E1F /* DateFunctions.swift in Sources */,
				1BF24D3225D5D8FA00F6B413 /* ImageListCellView.swift in Sources */,
				1BF24D1125D5D37E00F6B413 /* ShowImageInteractor.swift in Sources */,
				1BF24D1025D5D37E00F6B413 /* ShowImageViewController.swift in Sources */,
				1B23FAE025D4BB5900945E1F /* NetworkManager.swift in Sources */,
				1BF24D1525D5D3B300F6B413 /* ModuleBuilder.swift in Sources */,
				1BF24D3825D5DB7300F6B413 /* ImageListViewModel.swift in Sources */,
				1B23FAB725D4A96500945E1F /* Pixabay.swift in Sources */,
				1BF24D4425D5E2F700F6B413 /* ShowImageView.swift in Sources */,
				1BF24D2125D5D41400F6B413 /* ImageListRouter.swift in Sources */,
			);
			runOnlyForDeploymentPostprocessing = 0;
		};
/* End PBXSourcesBuildPhase section */

/* Begin PBXVariantGroup section */
		1B23FA4E25D49F1F00945E1F /* LaunchScreen.storyboard */ = {
			isa = PBXVariantGroup;
			children = (
				1B23FA4F25D49F1F00945E1F /* Base */,
			);
			name = LaunchScreen.storyboard;
			sourceTree = "<group>";
		};
/* End PBXVariantGroup section */

/* Begin XCBuildConfiguration section */
		1B23FA5225D49F1F00945E1F /* Debug */ = {
			isa = XCBuildConfiguration;
			buildSettings = {
				ALWAYS_SEARCH_USER_PATHS = NO;
				CLANG_ANALYZER_NONNULL = YES;
				CLANG_ANALYZER_NUMBER_OBJECT_CONVERSION = YES_AGGRESSIVE;
				CLANG_CXX_LANGUAGE_STANDARD = "gnu++14";
				CLANG_CXX_LIBRARY = "libc++";
				CLANG_ENABLE_MODULES = YES;
				CLANG_ENABLE_OBJC_ARC = YES;
				CLANG_ENABLE_OBJC_WEAK = YES;
				CLANG_WARN_BLOCK_CAPTURE_AUTORELEASING = YES;
				CLANG_WARN_BOOL_CONVERSION = YES;
				CLANG_WARN_COMMA = YES;
				CLANG_WARN_CONSTANT_CONVERSION = YES;
				CLANG_WARN_DEPRECATED_OBJC_IMPLEMENTATIONS = YES;
				CLANG_WARN_DIRECT_OBJC_ISA_USAGE = YES_ERROR;
				CLANG_WARN_DOCUMENTATION_COMMENTS = YES;
				CLANG_WARN_EMPTY_BODY = YES;
				CLANG_WARN_ENUM_CONVERSION = YES;
				CLANG_WARN_INFINITE_RECURSION = YES;
				CLANG_WARN_INT_CONVERSION = YES;
				CLANG_WARN_NON_LITERAL_NULL_CONVERSION = YES;
				CLANG_WARN_OBJC_IMPLICIT_RETAIN_SELF = YES;
				CLANG_WARN_OBJC_LITERAL_CONVERSION = YES;
				CLANG_WARN_OBJC_ROOT_CLASS = YES_ERROR;
				CLANG_WARN_QUOTED_INCLUDE_IN_FRAMEWORK_HEADER = YES;
				CLANG_WARN_RANGE_LOOP_ANALYSIS = YES;
				CLANG_WARN_STRICT_PROTOTYPES = YES;
				CLANG_WARN_SUSPICIOUS_MOVE = YES;
				CLANG_WARN_UNGUARDED_AVAILABILITY = YES_AGGRESSIVE;
				CLANG_WARN_UNREACHABLE_CODE = YES;
				CLANG_WARN__DUPLICATE_METHOD_MATCH = YES;
				COPY_PHASE_STRIP = NO;
				DEBUG_INFORMATION_FORMAT = dwarf;
				ENABLE_STRICT_OBJC_MSGSEND = YES;
				ENABLE_TESTABILITY = YES;
				GCC_C_LANGUAGE_STANDARD = gnu11;
				GCC_DYNAMIC_NO_PIC = NO;
				GCC_NO_COMMON_BLOCKS = YES;
				GCC_OPTIMIZATION_LEVEL = 0;
				GCC_PREPROCESSOR_DEFINITIONS = (
					"DEBUG=1",
					"$(inherited)",
				);
				GCC_WARN_64_TO_32_BIT_CONVERSION = YES;
				GCC_WARN_ABOUT_RETURN_TYPE = YES_ERROR;
				GCC_WARN_UNDECLARED_SELECTOR = YES;
				GCC_WARN_UNINITIALIZED_AUTOS = YES_AGGRESSIVE;
				GCC_WARN_UNUSED_FUNCTION = YES;
				GCC_WARN_UNUSED_VARIABLE = YES;
				IPHONEOS_DEPLOYMENT_TARGET = 13.0;
				MTL_ENABLE_DEBUG_INFO = INCLUDE_SOURCE;
				MTL_FAST_MATH = YES;
				ONLY_ACTIVE_ARCH = YES;
				SDKROOT = iphoneos;
				SWIFT_ACTIVE_COMPILATION_CONDITIONS = DEBUG;
				SWIFT_OPTIMIZATION_LEVEL = "-Onone";
			};
			name = Debug;
		};
		1B23FA5325D49F1F00945E1F /* Release */ = {
			isa = XCBuildConfiguration;
			buildSettings = {
				ALWAYS_SEARCH_USER_PATHS = NO;
				CLANG_ANALYZER_NONNULL = YES;
				CLANG_ANALYZER_NUMBER_OBJECT_CONVERSION = YES_AGGRESSIVE;
				CLANG_CXX_LANGUAGE_STANDARD = "gnu++14";
				CLANG_CXX_LIBRARY = "libc++";
				CLANG_ENABLE_MODULES = YES;
				CLANG_ENABLE_OBJC_ARC = YES;
				CLANG_ENABLE_OBJC_WEAK = YES;
				CLANG_WARN_BLOCK_CAPTURE_AUTORELEASING = YES;
				CLANG_WARN_BOOL_CONVERSION = YES;
				CLANG_WARN_COMMA = YES;
				CLANG_WARN_CONSTANT_CONVERSION = YES;
				CLANG_WARN_DEPRECATED_OBJC_IMPLEMENTATIONS = YES;
				CLANG_WARN_DIRECT_OBJC_ISA_USAGE = YES_ERROR;
				CLANG_WARN_DOCUMENTATION_COMMENTS = YES;
				CLANG_WARN_EMPTY_BODY = YES;
				CLANG_WARN_ENUM_CONVERSION = YES;
				CLANG_WARN_INFINITE_RECURSION = YES;
				CLANG_WARN_INT_CONVERSION = YES;
				CLANG_WARN_NON_LITERAL_NULL_CONVERSION = YES;
				CLANG_WARN_OBJC_IMPLICIT_RETAIN_SELF = YES;
				CLANG_WARN_OBJC_LITERAL_CONVERSION = YES;
				CLANG_WARN_OBJC_ROOT_CLASS = YES_ERROR;
				CLANG_WARN_QUOTED_INCLUDE_IN_FRAMEWORK_HEADER = YES;
				CLANG_WARN_RANGE_LOOP_ANALYSIS = YES;
				CLANG_WARN_STRICT_PROTOTYPES = YES;
				CLANG_WARN_SUSPICIOUS_MOVE = YES;
				CLANG_WARN_UNGUARDED_AVAILABILITY = YES_AGGRESSIVE;
				CLANG_WARN_UNREACHABLE_CODE = YES;
				CLANG_WARN__DUPLICATE_METHOD_MATCH = YES;
				COPY_PHASE_STRIP = NO;
				DEBUG_INFORMATION_FORMAT = "dwarf-with-dsym";
				ENABLE_NS_ASSERTIONS = NO;
				ENABLE_STRICT_OBJC_MSGSEND = YES;
				GCC_C_LANGUAGE_STANDARD = gnu11;
				GCC_NO_COMMON_BLOCKS = YES;
				GCC_WARN_64_TO_32_BIT_CONVERSION = YES;
				GCC_WARN_ABOUT_RETURN_TYPE = YES_ERROR;
				GCC_WARN_UNDECLARED_SELECTOR = YES;
				GCC_WARN_UNINITIALIZED_AUTOS = YES_AGGRESSIVE;
				GCC_WARN_UNUSED_FUNCTION = YES;
				GCC_WARN_UNUSED_VARIABLE = YES;
				IPHONEOS_DEPLOYMENT_TARGET = 13.0;
				MTL_ENABLE_DEBUG_INFO = NO;
				MTL_FAST_MATH = YES;
				SDKROOT = iphoneos;
				SWIFT_COMPILATION_MODE = wholemodule;
				SWIFT_OPTIMIZATION_LEVEL = "-O";
				VALIDATE_PRODUCT = YES;
			};
			name = Release;
		};
		1B23FA5525D49F1F00945E1F /* Debug */ = {
			isa = XCBuildConfiguration;
			baseConfigurationReference = 1629699B57BAC5F9A4F0CAA7 /* Pods-Rentateam.debug.xcconfig */;
			buildSettings = {
				ASSETCATALOG_COMPILER_APPICON_NAME = AppIcon;
				ASSETCATALOG_COMPILER_GLOBAL_ACCENT_COLOR_NAME = AccentColor;
				CODE_SIGN_STYLE = Automatic;
				DEVELOPMENT_TEAM = 34VDSPZYU9;
				INFOPLIST_FILE = "$(SRCROOT)/Rentateam/System/Info.plist";
				IPHONEOS_DEPLOYMENT_TARGET = 13.0;
				LD_RUNPATH_SEARCH_PATHS = (
					"$(inherited)",
					"@executable_path/Frameworks",
				);
				PRODUCT_BUNDLE_IDENTIFIER = com.sosinvitalii.Rentateam;
				PRODUCT_NAME = "$(TARGET_NAME)";
				SWIFT_VERSION = 5.0;
				TARGETED_DEVICE_FAMILY = 1;
			};
			name = Debug;
		};
		1B23FA5625D49F1F00945E1F /* Release */ = {
			isa = XCBuildConfiguration;
			baseConfigurationReference = 00B02FC4E93D14CB4F30EBD9 /* Pods-Rentateam.release.xcconfig */;
			buildSettings = {
				ASSETCATALOG_COMPILER_APPICON_NAME = AppIcon;
				ASSETCATALOG_COMPILER_GLOBAL_ACCENT_COLOR_NAME = AccentColor;
				CODE_SIGN_STYLE = Automatic;
				DEVELOPMENT_TEAM = 34VDSPZYU9;
				INFOPLIST_FILE = "$(SRCROOT)/Rentateam/System/Info.plist";
				IPHONEOS_DEPLOYMENT_TARGET = 13.0;
				LD_RUNPATH_SEARCH_PATHS = (
					"$(inherited)",
					"@executable_path/Frameworks",
				);
				PRODUCT_BUNDLE_IDENTIFIER = com.sosinvitalii.Rentateam;
				PRODUCT_NAME = "$(TARGET_NAME)";
				SWIFT_VERSION = 5.0;
				TARGETED_DEVICE_FAMILY = 1;
			};
			name = Release;
		};
/* End XCBuildConfiguration section */

/* Begin XCConfigurationList section */
		1B23FA3B25D49F1F00945E1F /* Build configuration list for PBXProject "Rentateam" */ = {
			isa = XCConfigurationList;
			buildConfigurations = (
				1B23FA5225D49F1F00945E1F /* Debug */,
				1B23FA5325D49F1F00945E1F /* Release */,
			);
			defaultConfigurationIsVisible = 0;
			defaultConfigurationName = Release;
		};
		1B23FA5425D49F1F00945E1F /* Build configuration list for PBXNativeTarget "Rentateam" */ = {
			isa = XCConfigurationList;
			buildConfigurations = (
				1B23FA5525D49F1F00945E1F /* Debug */,
				1B23FA5625D49F1F00945E1F /* Release */,
			);
			defaultConfigurationIsVisible = 0;
			defaultConfigurationName = Release;
		};
/* End XCConfigurationList section */
	};
	rootObject = 1B23FA3825D49F1F00945E1F /* Project object */;
}
